// !$*UTF8*$!
{
	archiveVersion = 1;
	classes = {
	};
	objectVersion = 56;
	objects = {

/* Begin PBXBuildFile section */
		CABD892C2B13746100C2E5EE /* AirbnbApp.swift in Sources */ = {isa = PBXBuildFile; fileRef = CABD892B2B13746100C2E5EE /* AirbnbApp.swift */; };
		CABD892E2B13746100C2E5EE /* ContentView.swift in Sources */ = {isa = PBXBuildFile; fileRef = CABD892D2B13746100C2E5EE /* ContentView.swift */; };
		CABD89302B13746200C2E5EE /* Assets.xcassets in Resources */ = {isa = PBXBuildFile; fileRef = CABD892F2B13746200C2E5EE /* Assets.xcassets */; };
		CABD89332B13746200C2E5EE /* Preview Assets.xcassets in Resources */ = {isa = PBXBuildFile; fileRef = CABD89322B13746200C2E5EE /* Preview Assets.xcassets */; };
		CABD894A2B13814900C2E5EE /* ExploreView.swift in Sources */ = {isa = PBXBuildFile; fileRef = CABD89492B13814900C2E5EE /* ExploreView.swift */; };
		CABD894C2B13827600C2E5EE /* ListingItemView.swift in Sources */ = {isa = PBXBuildFile; fileRef = CABD894B2B13827600C2E5EE /* ListingItemView.swift */; };
		CABD894E2B13868800C2E5EE /* SearchAndFilterbar.swift in Sources */ = {isa = PBXBuildFile; fileRef = CABD894D2B13868800C2E5EE /* SearchAndFilterbar.swift */; };
		CABD89502B1396BF00C2E5EE /* ListingDetailsView.swift in Sources */ = {isa = PBXBuildFile; fileRef = CABD894F2B1396BF00C2E5EE /* ListingDetailsView.swift */; };
		CABD89532B1397AA00C2E5EE /* ImageCarouselView.swift in Sources */ = {isa = PBXBuildFile; fileRef = CABD89522B1397AA00C2E5EE /* ImageCarouselView.swift */; };
		CADFE5002B1642C400BBD94C /* Listing.swift in Sources */ = {isa = PBXBuildFile; fileRef = CADFE4FF2B1642C400BBD94C /* Listing.swift */; };
		CADFE5022B164A4D00BBD94C /* DeveloperPreview.swift in Sources */ = {isa = PBXBuildFile; fileRef = CADFE5012B164A4D00BBD94C /* DeveloperPreview.swift */; };
		CADFE5072B1652D100BBD94C /* ExploreViewModel.swift in Sources */ = {isa = PBXBuildFile; fileRef = CADFE5062B1652D100BBD94C /* ExploreViewModel.swift */; };
		CADFE5092B16534D00BBD94C /* ExploreSevice.swift in Sources */ = {isa = PBXBuildFile; fileRef = CADFE5082B16534D00BBD94C /* ExploreSevice.swift */; };
		CADFE50B2B165D5A00BBD94C /* Regions.swift in Sources */ = {isa = PBXBuildFile; fileRef = CADFE50A2B165D5A00BBD94C /* Regions.swift */; };
		CAE489552B14EF0B00EF4FFA /* DestinationSearchView.swift in Sources */ = {isa = PBXBuildFile; fileRef = CAE489542B14EF0B00EF4FFA /* DestinationSearchView.swift */; };
		CAE489572B1503E600EF4FFA /* ProfileView.swift in Sources */ = {isa = PBXBuildFile; fileRef = CAE489562B1503E600EF4FFA /* ProfileView.swift */; };
		CAE489592B15066500EF4FFA /* ProfileOptionRawView.swift in Sources */ = {isa = PBXBuildFile; fileRef = CAE489582B15066500EF4FFA /* ProfileOptionRawView.swift */; };
		CAE4895B2B15081F00EF4FFA /* WishlistView.swift in Sources */ = {isa = PBXBuildFile; fileRef = CAE4895A2B15081F00EF4FFA /* WishlistView.swift */; };
		CAE4895D2B1509DE00EF4FFA /* MainTabView.swift in Sources */ = {isa = PBXBuildFile; fileRef = CAE4895C2B1509DE00EF4FFA /* MainTabView.swift */; };
/* End PBXBuildFile section */

/* Begin PBXFileReference section */
		CABD89282B13746100C2E5EE /* Airbnb.app */ = {isa = PBXFileReference; explicitFileType = wrapper.application; includeInIndex = 0; path = Airbnb.app; sourceTree = BUILT_PRODUCTS_DIR; };
		CABD892B2B13746100C2E5EE /* AirbnbApp.swift */ = {isa = PBXFileReference; lastKnownFileType = sourcecode.swift; path = AirbnbApp.swift; sourceTree = "<group>"; };
		CABD892D2B13746100C2E5EE /* ContentView.swift */ = {isa = PBXFileReference; lastKnownFileType = sourcecode.swift; path = ContentView.swift; sourceTree = "<group>"; };
		CABD892F2B13746200C2E5EE /* Assets.xcassets */ = {isa = PBXFileReference; lastKnownFileType = folder.assetcatalog; path = Assets.xcassets; sourceTree = "<group>"; };
		CABD89322B13746200C2E5EE /* Preview Assets.xcassets */ = {isa = PBXFileReference; lastKnownFileType = folder.assetcatalog; path = "Preview Assets.xcassets"; sourceTree = "<group>"; };
		CABD89492B13814900C2E5EE /* ExploreView.swift */ = {isa = PBXFileReference; lastKnownFileType = sourcecode.swift; path = ExploreView.swift; sourceTree = "<group>"; };
		CABD894B2B13827600C2E5EE /* ListingItemView.swift */ = {isa = PBXFileReference; lastKnownFileType = sourcecode.swift; path = ListingItemView.swift; sourceTree = "<group>"; };
		CABD894D2B13868800C2E5EE /* SearchAndFilterbar.swift */ = {isa = PBXFileReference; lastKnownFileType = sourcecode.swift; path = SearchAndFilterbar.swift; sourceTree = "<group>"; };
		CABD894F2B1396BF00C2E5EE /* ListingDetailsView.swift */ = {isa = PBXFileReference; lastKnownFileType = sourcecode.swift; path = ListingDetailsView.swift; sourceTree = "<group>"; };
		CABD89522B1397AA00C2E5EE /* ImageCarouselView.swift */ = {isa = PBXFileReference; lastKnownFileType = sourcecode.swift; path = ImageCarouselView.swift; sourceTree = "<group>"; };
		CADFE4FF2B1642C400BBD94C /* Listing.swift */ = {isa = PBXFileReference; lastKnownFileType = sourcecode.swift; path = Listing.swift; sourceTree = "<group>"; };
		CADFE5012B164A4D00BBD94C /* DeveloperPreview.swift */ = {isa = PBXFileReference; lastKnownFileType = sourcecode.swift; path = DeveloperPreview.swift; sourceTree = "<group>"; };
		CADFE5062B1652D100BBD94C /* ExploreViewModel.swift */ = {isa = PBXFileReference; lastKnownFileType = sourcecode.swift; path = ExploreViewModel.swift; sourceTree = "<group>"; };
		CADFE5082B16534D00BBD94C /* ExploreSevice.swift */ = {isa = PBXFileReference; lastKnownFileType = sourcecode.swift; path = ExploreSevice.swift; sourceTree = "<group>"; };
		CADFE50A2B165D5A00BBD94C /* Regions.swift */ = {isa = PBXFileReference; lastKnownFileType = sourcecode.swift; path = Regions.swift; sourceTree = "<group>"; };
		CAE489542B14EF0B00EF4FFA /* DestinationSearchView.swift */ = {isa = PBXFileReference; lastKnownFileType = sourcecode.swift; path = DestinationSearchView.swift; sourceTree = "<group>"; };
		CAE489562B1503E600EF4FFA /* ProfileView.swift */ = {isa = PBXFileReference; lastKnownFileType = sourcecode.swift; path = ProfileView.swift; sourceTree = "<group>"; };
		CAE489582B15066500EF4FFA /* ProfileOptionRawView.swift */ = {isa = PBXFileReference; lastKnownFileType = sourcecode.swift; path = ProfileOptionRawView.swift; sourceTree = "<group>"; };
		CAE4895A2B15081F00EF4FFA /* WishlistView.swift */ = {isa = PBXFileReference; lastKnownFileType = sourcecode.swift; path = WishlistView.swift; sourceTree = "<group>"; };
		CAE4895C2B1509DE00EF4FFA /* MainTabView.swift */ = {isa = PBXFileReference; lastKnownFileType = sourcecode.swift; path = MainTabView.swift; sourceTree = "<group>"; };
/* End PBXFileReference section */

/* Begin PBXFrameworksBuildPhase section */
		CABD89252B13746100C2E5EE /* Frameworks */ = {
			isa = PBXFrameworksBuildPhase;
			buildActionMask = 2147483647;
			files = (
			);
			runOnlyForDeploymentPostprocessing = 0;
		};
/* End PBXFrameworksBuildPhase section */

/* Begin PBXGroup section */
		CABD891F2B13746100C2E5EE = {
			isa = PBXGroup;
			children = (
				CABD892A2B13746100C2E5EE /* Airbnb */,
				CABD89292B13746100C2E5EE /* Products */,
			);
			sourceTree = "<group>";
		};
		CABD89292B13746100C2E5EE /* Products */ = {
			isa = PBXGroup;
			children = (
				CABD89282B13746100C2E5EE /* Airbnb.app */,
			);
			name = Products;
			sourceTree = "<group>";
		};
		CABD892A2B13746100C2E5EE /* Airbnb */ = {
			isa = PBXGroup;
			children = (
				CABD89392B1374C800C2E5EE /* App */,
				CABD893B2B1374E500C2E5EE /* Core */,
				CABD893C2B1374F400C2E5EE /* Extension */,
				CABD892D2B13746100C2E5EE /* ContentView.swift */,
				CABD892F2B13746200C2E5EE /* Assets.xcassets */,
				CABD89312B13746200C2E5EE /* Preview Content */,
			);
			path = Airbnb;
			sourceTree = "<group>";
		};
		CABD89312B13746200C2E5EE /* Preview Content */ = {
			isa = PBXGroup;
			children = (
				CABD89322B13746200C2E5EE /* Preview Assets.xcassets */,
			);
			path = "Preview Content";
			sourceTree = "<group>";
		};
		CABD89392B1374C800C2E5EE /* App */ = {
			isa = PBXGroup;
			children = (
				CABD892B2B13746100C2E5EE /* AirbnbApp.swift */,
			);
			path = App;
			sourceTree = "<group>";
		};
		CABD893B2B1374E500C2E5EE /* Core */ = {
			isa = PBXGroup;
			children = (
				CABD89512B13976E00C2E5EE /* Components */,
				CABD89442B1375E100C2E5EE /* TabBar */,
				CABD89432B1375BB00C2E5EE /* Wishlist */,
				CABD89422B1375AA00C2E5EE /* Profile */,
				CABD89412B13759E00C2E5EE /* Explore */,
				CABD893F2B13758900C2E5EE /* Listings */,
			);
			path = Core;
			sourceTree = "<group>";
		};
		CABD893C2B1374F400C2E5EE /* Extension */ = {
			isa = PBXGroup;
			children = (
				CADFE5012B164A4D00BBD94C /* DeveloperPreview.swift */,
				CADFE50A2B165D5A00BBD94C /* Regions.swift */,
			);
			path = Extension;
			sourceTree = "<group>";
		};
		CABD893F2B13758900C2E5EE /* Listings */ = {
			isa = PBXGroup;
			children = (
				CADFE4FE2B1642A000BBD94C /* View */,
				CADFE4FD2B16429100BBD94C /* Model */,
			);
			path = Listings;
			sourceTree = "<group>";
		};
		CABD89412B13759E00C2E5EE /* Explore */ = {
			isa = PBXGroup;
			children = (
				CADFE5052B16529500BBD94C /* Service */,
				CADFE5042B16529200BBD94C /* View */,
				CADFE5032B16528D00BBD94C /* ViewModel */,
			);
			path = Explore;
			sourceTree = "<group>";
		};
		CABD89422B1375AA00C2E5EE /* Profile */ = {
			isa = PBXGroup;
			children = (
				CAE489562B1503E600EF4FFA /* ProfileView.swift */,
				CAE489582B15066500EF4FFA /* ProfileOptionRawView.swift */,
			);
			path = Profile;
			sourceTree = "<group>";
		};
		CABD89432B1375BB00C2E5EE /* Wishlist */ = {
			isa = PBXGroup;
			children = (
				CAE4895A2B15081F00EF4FFA /* WishlistView.swift */,
			);
			path = Wishlist;
			sourceTree = "<group>";
		};
		CABD89442B1375E100C2E5EE /* TabBar */ = {
			isa = PBXGroup;
			children = (
				CAE4895C2B1509DE00EF4FFA /* MainTabView.swift */,
			);
			path = TabBar;
			sourceTree = "<group>";
		};
		CABD89512B13976E00C2E5EE /* Components */ = {
			isa = PBXGroup;
			children = (
				CABD89522B1397AA00C2E5EE /* ImageCarouselView.swift */,
			);
			path = Components;
			sourceTree = "<group>";
		};
		CADFE4FD2B16429100BBD94C /* Model */ = {
			isa = PBXGroup;
			children = (
				CADFE4FF2B1642C400BBD94C /* Listing.swift */,
			);
			path = Model;
			sourceTree = "<group>";
		};
		CADFE4FE2B1642A000BBD94C /* View */ = {
			isa = PBXGroup;
			children = (
				CABD894B2B13827600C2E5EE /* ListingItemView.swift */,
				CABD894F2B1396BF00C2E5EE /* ListingDetailsView.swift */,
			);
			path = View;
			sourceTree = "<group>";
		};
		CADFE5032B16528D00BBD94C /* ViewModel */ = {
			isa = PBXGroup;
			children = (
				CADFE5062B1652D100BBD94C /* ExploreViewModel.swift */,
			);
			path = ViewModel;
			sourceTree = "<group>";
		};
		CADFE5042B16529200BBD94C /* View */ = {
			isa = PBXGroup;
			children = (
				CABD89492B13814900C2E5EE /* ExploreView.swift */,
				CABD894D2B13868800C2E5EE /* SearchAndFilterbar.swift */,
				CAE489542B14EF0B00EF4FFA /* DestinationSearchView.swift */,
			);
			path = View;
			sourceTree = "<group>";
		};
		CADFE5052B16529500BBD94C /* Service */ = {
			isa = PBXGroup;
			children = (
				CADFE5082B16534D00BBD94C /* ExploreSevice.swift */,
			);
			path = Service;
			sourceTree = "<group>";
		};
/* End PBXGroup section */

/* Begin PBXNativeTarget section */
		CABD89272B13746100C2E5EE /* Airbnb */ = {
			isa = PBXNativeTarget;
			buildConfigurationList = CABD89362B13746200C2E5EE /* Build configuration list for PBXNativeTarget "Airbnb" */;
			buildPhases = (
				CABD89242B13746100C2E5EE /* Sources */,
				CABD89252B13746100C2E5EE /* Frameworks */,
				CABD89262B13746100C2E5EE /* Resources */,
			);
			buildRules = (
			);
			dependencies = (
			);
			name = Airbnb;
			productName = Airbnb;
			productReference = CABD89282B13746100C2E5EE /* Airbnb.app */;
			productType = "com.apple.product-type.application";
		};
/* End PBXNativeTarget section */

/* Begin PBXProject section */
		CABD89202B13746100C2E5EE /* Project object */ = {
			isa = PBXProject;
			attributes = {
				BuildIndependentTargetsInParallel = 1;
				LastSwiftUpdateCheck = 1500;
				LastUpgradeCheck = 1500;
				TargetAttributes = {
					CABD89272B13746100C2E5EE = {
						CreatedOnToolsVersion = 15.0.1;
					};
				};
			};
			buildConfigurationList = CABD89232B13746100C2E5EE /* Build configuration list for PBXProject "Airbnb" */;
			compatibilityVersion = "Xcode 14.0";
			developmentRegion = en;
			hasScannedForEncodings = 0;
			knownRegions = (
				en,
				Base,
			);
			mainGroup = CABD891F2B13746100C2E5EE;
			productRefGroup = CABD89292B13746100C2E5EE /* Products */;
			projectDirPath = "";
			projectRoot = "";
			targets = (
				CABD89272B13746100C2E5EE /* Airbnb */,
			);
		};
/* End PBXProject section */

/* Begin PBXResourcesBuildPhase section */
		CABD89262B13746100C2E5EE /* Resources */ = {
			isa = PBXResourcesBuildPhase;
			buildActionMask = 2147483647;
			files = (
				CABD89332B13746200C2E5EE /* Preview Assets.xcassets in Resources */,
				CABD89302B13746200C2E5EE /* Assets.xcassets in Resources */,
			);
			runOnlyForDeploymentPostprocessing = 0;
		};
/* End PBXResourcesBuildPhase section */

/* Begin PBXSourcesBuildPhase section */
		CABD89242B13746100C2E5EE /* Sources */ = {
			isa = PBXSourcesBuildPhase;
			buildActionMask = 2147483647;
			files = (
				CABD894C2B13827600C2E5EE /* ListingItemView.swift in Sources */,
				CAE489572B1503E600EF4FFA /* ProfileView.swift in Sources */,
				CAE489552B14EF0B00EF4FFA /* DestinationSearchView.swift in Sources */,
				CABD894E2B13868800C2E5EE /* SearchAndFilterbar.swift in Sources */,
				CABD89502B1396BF00C2E5EE /* ListingDetailsView.swift in Sources */,
				CABD892E2B13746100C2E5EE /* ContentView.swift in Sources */,
				CADFE5072B1652D100BBD94C /* ExploreViewModel.swift in Sources */,
				CADFE50B2B165D5A00BBD94C /* Regions.swift in Sources */,
				CAE489592B15066500EF4FFA /* ProfileOptionRawView.swift in Sources */,
				CADFE5002B1642C400BBD94C /* Listing.swift in Sources */,
				CAE4895B2B15081F00EF4FFA /* WishlistView.swift in Sources */,
				CABD894A2B13814900C2E5EE /* ExploreView.swift in Sources */,
				CABD89532B1397AA00C2E5EE /* ImageCarouselView.swift in Sources */,
				CADFE5092B16534D00BBD94C /* ExploreSevice.swift in Sources */,
				CABD892C2B13746100C2E5EE /* AirbnbApp.swift in Sources */,
				CAE4895D2B1509DE00EF4FFA /* MainTabView.swift in Sources */,
				CADFE5022B164A4D00BBD94C /* DeveloperPreview.swift in Sources */,
			);
			runOnlyForDeploymentPostprocessing = 0;
		};
/* End PBXSourcesBuildPhase section */

/* Begin XCBuildConfiguration section */
		CABD89342B13746200C2E5EE /* Debug */ = {
			isa = XCBuildConfiguration;
			buildSettings = {
				ALWAYS_SEARCH_USER_PATHS = NO;
				ASSETCATALOG_COMPILER_GENERATE_SWIFT_ASSET_SYMBOL_EXTENSIONS = YES;
				CLANG_ANALYZER_NONNULL = YES;
				CLANG_ANALYZER_NUMBER_OBJECT_CONVERSION = YES_AGGRESSIVE;
				CLANG_CXX_LANGUAGE_STANDARD = "gnu++20";
				CLANG_ENABLE_MODULES = YES;
				CLANG_ENABLE_OBJC_ARC = YES;
				CLANG_ENABLE_OBJC_WEAK = YES;
				CLANG_WARN_BLOCK_CAPTURE_AUTORELEASING = YES;
				CLANG_WARN_BOOL_CONVERSION = YES;
				CLANG_WARN_COMMA = YES;
				CLANG_WARN_CONSTANT_CONVERSION = YES;
				CLANG_WARN_DEPRECATED_OBJC_IMPLEMENTATIONS = YES;
				CLANG_WARN_DIRECT_OBJC_ISA_USAGE = YES_ERROR;
				CLANG_WARN_DOCUMENTATION_COMMENTS = YES;
				CLANG_WARN_EMPTY_BODY = YES;
				CLANG_WARN_ENUM_CONVERSION = YES;
				CLANG_WARN_INFINITE_RECURSION = YES;
				CLANG_WARN_INT_CONVERSION = YES;
				CLANG_WARN_NON_LITERAL_NULL_CONVERSION = YES;
				CLANG_WARN_OBJC_IMPLICIT_RETAIN_SELF = YES;
				CLANG_WARN_OBJC_LITERAL_CONVERSION = YES;
				CLANG_WARN_OBJC_ROOT_CLASS = YES_ERROR;
				CLANG_WARN_QUOTED_INCLUDE_IN_FRAMEWORK_HEADER = YES;
				CLANG_WARN_RANGE_LOOP_ANALYSIS = YES;
				CLANG_WARN_STRICT_PROTOTYPES = YES;
				CLANG_WARN_SUSPICIOUS_MOVE = YES;
				CLANG_WARN_UNGUARDED_AVAILABILITY = YES_AGGRESSIVE;
				CLANG_WARN_UNREACHABLE_CODE = YES;
				CLANG_WARN__DUPLICATE_METHOD_MATCH = YES;
				COPY_PHASE_STRIP = NO;
				DEBUG_INFORMATION_FORMAT = dwarf;
				ENABLE_STRICT_OBJC_MSGSEND = YES;
				ENABLE_TESTABILITY = YES;
				ENABLE_USER_SCRIPT_SANDBOXING = YES;
				GCC_C_LANGUAGE_STANDARD = gnu17;
				GCC_DYNAMIC_NO_PIC = NO;
				GCC_NO_COMMON_BLOCKS = YES;
				GCC_OPTIMIZATION_LEVEL = 0;
				GCC_PREPROCESSOR_DEFINITIONS = (
					"DEBUG=1",
					"$(inherited)",
				);
				GCC_WARN_64_TO_32_BIT_CONVERSION = YES;
				GCC_WARN_ABOUT_RETURN_TYPE = YES_ERROR;
				GCC_WARN_UNDECLARED_SELECTOR = YES;
				GCC_WARN_UNINITIALIZED_AUTOS = YES_AGGRESSIVE;
				GCC_WARN_UNUSED_FUNCTION = YES;
				GCC_WARN_UNUSED_VARIABLE = YES;
				IPHONEOS_DEPLOYMENT_TARGET = 17.0;
				LOCALIZATION_PREFERS_STRING_CATALOGS = YES;
				MTL_ENABLE_DEBUG_INFO = INCLUDE_SOURCE;
				MTL_FAST_MATH = YES;
				ONLY_ACTIVE_ARCH = YES;
				SDKROOT = iphoneos;
				SWIFT_ACTIVE_COMPILATION_CONDITIONS = "DEBUG $(inherited)";
				SWIFT_OPTIMIZATION_LEVEL = "-Onone";
			};
			name = Debug;
		};
		CABD89352B13746200C2E5EE /* Release */ = {
			isa = XCBuildConfiguration;
			buildSettings = {
				ALWAYS_SEARCH_USER_PATHS = NO;
				ASSETCATALOG_COMPILER_GENERATE_SWIFT_ASSET_SYMBOL_EXTENSIONS = YES;
				CLANG_ANALYZER_NONNULL = YES;
				CLANG_ANALYZER_NUMBER_OBJECT_CONVERSION = YES_AGGRESSIVE;
				CLANG_CXX_LANGUAGE_STANDARD = "gnu++20";
				CLANG_ENABLE_MODULES = YES;
				CLANG_ENABLE_OBJC_ARC = YES;
				CLANG_ENABLE_OBJC_WEAK = YES;
				CLANG_WARN_BLOCK_CAPTURE_AUTORELEASING = YES;
				CLANG_WARN_BOOL_CONVERSION = YES;
				CLANG_WARN_COMMA = YES;
				CLANG_WARN_CONSTANT_CONVERSION = YES;
				CLANG_WARN_DEPRECATED_OBJC_IMPLEMENTATIONS = YES;
				CLANG_WARN_DIRECT_OBJC_ISA_USAGE = YES_ERROR;
				CLANG_WARN_DOCUMENTATION_COMMENTS = YES;
				CLANG_WARN_EMPTY_BODY = YES;
				CLANG_WARN_ENUM_CONVERSION = YES;
				CLANG_WARN_INFINITE_RECURSION = YES;
				CLANG_WARN_INT_CONVERSION = YES;
				CLANG_WARN_NON_LITERAL_NULL_CONVERSION = YES;
				CLANG_WARN_OBJC_IMPLICIT_RETAIN_SELF = YES;
				CLANG_WARN_OBJC_LITERAL_CONVERSION = YES;
				CLANG_WARN_OBJC_ROOT_CLASS = YES_ERROR;
				CLANG_WARN_QUOTED_INCLUDE_IN_FRAMEWORK_HEADER = YES;
				CLANG_WARN_RANGE_LOOP_ANALYSIS = YES;
				CLANG_WARN_STRICT_PROTOTYPES = YES;
				CLANG_WARN_SUSPICIOUS_MOVE = YES;
				CLANG_WARN_UNGUARDED_AVAILABILITY = YES_AGGRESSIVE;
				CLANG_WARN_UNREACHABLE_CODE = YES;
				CLANG_WARN__DUPLICATE_METHOD_MATCH = YES;
				COPY_PHASE_STRIP = NO;
				DEBUG_INFORMATION_FORMAT = "dwarf-with-dsym";
				ENABLE_NS_ASSERTIONS = NO;
				ENABLE_STRICT_OBJC_MSGSEND = YES;
				ENABLE_USER_SCRIPT_SANDBOXING = YES;
				GCC_C_LANGUAGE_STANDARD = gnu17;
				GCC_NO_COMMON_BLOCKS = YES;
				GCC_WARN_64_TO_32_BIT_CONVERSION = YES;
				GCC_WARN_ABOUT_RETURN_TYPE = YES_ERROR;
				GCC_WARN_UNDECLARED_SELECTOR = YES;
				GCC_WARN_UNINITIALIZED_AUTOS = YES_AGGRESSIVE;
				GCC_WARN_UNUSED_FUNCTION = YES;
				GCC_WARN_UNUSED_VARIABLE = YES;
				IPHONEOS_DEPLOYMENT_TARGET = 17.0;
				LOCALIZATION_PREFERS_STRING_CATALOGS = YES;
				MTL_ENABLE_DEBUG_INFO = NO;
				MTL_FAST_MATH = YES;
				SDKROOT = iphoneos;
				SWIFT_COMPILATION_MODE = wholemodule;
				VALIDATE_PRODUCT = YES;
			};
			name = Release;
		};
		CABD89372B13746200C2E5EE /* Debug */ = {
			isa = XCBuildConfiguration;
			buildSettings = {
				ASSETCATALOG_COMPILER_APPICON_NAME = AppIcon;
				ASSETCATALOG_COMPILER_GLOBAL_ACCENT_COLOR_NAME = AccentColor;
				CODE_SIGN_STYLE = Automatic;
				CURRENT_PROJECT_VERSION = 1;
				DEVELOPMENT_ASSET_PATHS = "\"Airbnb/Preview Content\"";
				DEVELOPMENT_TEAM = Q7L5VHU6H9;
				ENABLE_PREVIEWS = YES;
				GENERATE_INFOPLIST_FILE = YES;
				INFOPLIST_KEY_UIApplicationSceneManifest_Generation = YES;
				INFOPLIST_KEY_UIApplicationSupportsIndirectInputEvents = YES;
				INFOPLIST_KEY_UILaunchScreen_Generation = YES;
				INFOPLIST_KEY_UISupportedInterfaceOrientations_iPad = "UIInterfaceOrientationPortrait UIInterfaceOrientationPortraitUpsideDown UIInterfaceOrientationLandscapeLeft UIInterfaceOrientationLandscapeRight";
				INFOPLIST_KEY_UISupportedInterfaceOrientations_iPhone = "UIInterfaceOrientationPortrait UIInterfaceOrientationLandscapeLeft UIInterfaceOrientationLandscapeRight";
				LD_RUNPATH_SEARCH_PATHS = (
					"$(inherited)",
					"@executable_path/Frameworks",
				);
				MARKETING_VERSION = 1.0;
				PRODUCT_BUNDLE_IDENTIFIER = com.avishka.Airbnb;
				PRODUCT_NAME = "$(TARGET_NAME)";
				SWIFT_EMIT_LOC_STRINGS = YES;
				SWIFT_VERSION = 5.0;
				TARGETED_DEVICE_FAMILY = "1,2";
			};
			name = Debug;
		};
		CABD89382B13746200C2E5EE /* Release */ = {
			isa = XCBuildConfiguration;
			buildSettings = {
				ASSETCATALOG_COMPILER_APPICON_NAME = AppIcon;
				ASSETCATALOG_COMPILER_GLOBAL_ACCENT_COLOR_NAME = AccentColor;
				CODE_SIGN_STYLE = Automatic;
				CURRENT_PROJECT_VERSION = 1;
				DEVELOPMENT_ASSET_PATHS = "\"Airbnb/Preview Content\"";
				DEVELOPMENT_TEAM = Q7L5VHU6H9;
				ENABLE_PREVIEWS = YES;
				GENERATE_INFOPLIST_FILE = YES;
				INFOPLIST_KEY_UIApplicationSceneManifest_Generation = YES;
				INFOPLIST_KEY_UIApplicationSupportsIndirectInputEvents = YES;
				INFOPLIST_KEY_UILaunchScreen_Generation = YES;
				INFOPLIST_KEY_UISupportedInterfaceOrientations_iPad = "UIInterfaceOrientationPortrait UIInterfaceOrientationPortraitUpsideDown UIInterfaceOrientationLandscapeLeft UIInterfaceOrientationLandscapeRight";
				INFOPLIST_KEY_UISupportedInterfaceOrientations_iPhone = "UIInterfaceOrientationPortrait UIInterfaceOrientationLandscapeLeft UIInterfaceOrientationLandscapeRight";
				LD_RUNPATH_SEARCH_PATHS = (
					"$(inherited)",
					"@executable_path/Frameworks",
				);
				MARKETING_VERSION = 1.0;
				PRODUCT_BUNDLE_IDENTIFIER = com.avishka.Airbnb;
				PRODUCT_NAME = "$(TARGET_NAME)";
				SWIFT_EMIT_LOC_STRINGS = YES;
				SWIFT_VERSION = 5.0;
				TARGETED_DEVICE_FAMILY = "1,2";
			};
			name = Release;
		};
/* End XCBuildConfiguration section */

/* Begin XCConfigurationList section */
		CABD89232B13746100C2E5EE /* Build configuration list for PBXProject "Airbnb" */ = {
			isa = XCConfigurationList;
			buildConfigurations = (
				CABD89342B13746200C2E5EE /* Debug */,
				CABD89352B13746200C2E5EE /* Release */,
			);
			defaultConfigurationIsVisible = 0;
			defaultConfigurationName = Release;
		};
		CABD89362B13746200C2E5EE /* Build configuration list for PBXNativeTarget "Airbnb" */ = {
			isa = XCConfigurationList;
			buildConfigurations = (
				CABD89372B13746200C2E5EE /* Debug */,
				CABD89382B13746200C2E5EE /* Release */,
			);
			defaultConfigurationIsVisible = 0;
			defaultConfigurationName = Release;
		};
/* End XCConfigurationList section */
	};
	rootObject = CABD89202B13746100C2E5EE /* Project object */;
}
